
Microsoft Visual Studio Solution File, Format Version 12.00
# Visual Studio 15
VisualStudioVersion = 15.0.28307.271
MinimumVisualStudioVersion = 10.0.40219.1
Project("{FAE04EC0-301F-11D3-BF4B-00C04F79EFBC}") = "EverCraft", "EverCraft\EverCraft.csproj", "{E084E7D9-D06B-477A-B004-E452ABBBE97C}"
EndProject
Project("{FAE04EC0-301F-11D3-BF4B-00C04F79EFBC}") = "UnitTestProject1", "UnitTestProject1\UnitTestProject1.csproj", "{0029764C-86FD-4BB1-8B8E-08DB4074CBDB}"
EndProject
Global
	GlobalSection(SolutionConfigurationPlatforms) = preSolution
		Debug|Any CPU = Debug|Any CPU
		Release|Any CPU = Release|Any CPU
	EndGlobalSection
	GlobalSection(ProjectConfigurationPlatforms) = postSolution
		{E084E7D9-D06B-477A-B004-E452ABBBE97C}.Debug|Any CPU.ActiveCfg = Debug|Any CPU
		{E084E7D9-D06B-477A-B004-E452ABBBE97C}.Debug|Any CPU.Build.0 = Debug|Any CPU
		{E084E7D9-D06B-477A-B004-E452ABBBE97C}.Release|Any CPU.ActiveCfg = Release|Any CPU
		{E084E7D9-D06B-477A-B004-E452ABBBE97C}.Release|Any CPU.Build.0 = Release|Any CPU
		{0029764C-86FD-4BB1-8B8E-08DB4074CBDB}.Debug|Any CPU.ActiveCfg = Debug|Any CPU
		{0029764C-86FD-4BB1-8B8E-08DB4074CBDB}.Debug|Any CPU.Build.0 = Debug|Any CPU
		{0029764C-86FD-4BB1-8B8E-08DB4074CBDB}.Release|Any CPU.ActiveCfg = Release|Any CPU
		{0029764C-86FD-4BB1-8B8E-08DB4074CBDB}.Release|Any CPU.Build.0 = Release|Any CPU
	EndGlobalSection
	GlobalSection(SolutionProperties) = preSolution
		HideSolutionNode = FALSE
	EndGlobalSection
	GlobalSection(ExtensibilityGlobals) = postSolution
		SolutionGuid = {48086D3E-24B3-4643-8C93-CB49D0836A2C}
	EndGlobalSection
EndGlobal
